
Microsoft Visual Studio Solution File, Format Version 12.00
# Visual Studio Version 17
VisualStudioVersion = 17.8.34408.163
MinimumVisualStudioVersion = 10.0.40219.1
Project("{FAE04EC0-301F-11D3-BF4B-00C04F79EFBC}") = "ToDoApp", "ToDoApp.csproj", "{F820AE83-0D3F-4506-BA3A-47C417ADB28B}"
EndProject
Global
	GlobalSection(SolutionConfigurationPlatforms) = preSolution
		Debug|Any CPU = Debug|Any CPU
		Release|Any CPU = Release|Any CPU
	EndGlobalSection
	GlobalSection(ProjectConfigurationPlatforms) = postSolution
		{F820AE83-0D3F-4506-BA3A-47C417ADB28B}.Debug|Any CPU.ActiveCfg = Debug|Any CPU
		{F820AE83-0D3F-4506-BA3A-47C417ADB28B}.Debug|Any CPU.Build.0 = Debug|Any CPU
		{F820AE83-0D3F-4506-BA3A-47C417ADB28B}.Release|Any CPU.ActiveCfg = Release|Any CPU
		{F820AE83-0D3F-4506-BA3A-47C417ADB28B}.Release|Any CPU.Build.0 = Release|Any CPU
	EndGlobalSection
	GlobalSection(SolutionProperties) = preSolution
		HideSolutionNode = FALSE
	EndGlobalSection
	GlobalSection(ExtensibilityGlobals) = postSolution
		SolutionGuid = {2E9D115E-69F0-4A99-81DB-50A81CF0C743}
	EndGlobalSection
EndGlobal
